
Microsoft Visual Studio Solution File, Format Version 12.00
# Visual Studio Version 17
VisualStudioVersion = 17.3.32929.385
MinimumVisualStudioVersion = 10.0.40219.1
Project("{9A19103F-16F7-4668-BE54-9A1E7A4F7556}") = "Microsoft.PowerFx.Dataverse.Eval", "PowerFx.Dataverse.Eval\Microsoft.PowerFx.Dataverse.Eval.csproj", "{8E7B7FC1-C4D4-4087-959E-0B248DCB7545}"
EndProject
Project("{9A19103F-16F7-4668-BE54-9A1E7A4F7556}") = "PowerFx.Dataverse.Tests", "PowerFx.Dataverse.Tests\PowerFx.Dataverse.Tests.csproj", "{E56B859C-C6EA-4F70-8274-3CA9CFBFB866}"
EndProject
Project("{2150E333-8FDC-42A3-9474-1A3956D46DE8}") = "Solution Items", "Solution Items", "{CF6F069A-206A-4D87-B987-EE596616ABF6}"
	ProjectSection(SolutionItems) = preProject
		..\.editorconfig = ..\.editorconfig
		..\.gitignore = ..\.gitignore
		Build.props = Build.props
		Microsoft.PowerFx.ruleset = Microsoft.PowerFx.ruleset
		..\nuget.config = ..\nuget.config
		test.runsettings = test.runsettings
	EndProjectSection
EndProject
Project("{9A19103F-16F7-4668-BE54-9A1E7A4F7556}") = "Repl", "tools\Repl\Repl.csproj", "{A861B2EF-2DD7-4AFC-A155-F4A9B4256F91}"
EndProject
Project("{9A19103F-16F7-4668-BE54-9A1E7A4F7556}") = "Microsoft.Dataverse.EntityMock", "PowerFx.Dataverse.Mock\Microsoft.Dataverse.EntityMock.csproj", "{32D3ABFF-887E-43D0-BD4F-535475893AE4}"
EndProject
Project("{9A19103F-16F7-4668-BE54-9A1E7A4F7556}") = "PowerFx.Dataverse", "PowerFx.Dataverse\PowerFx.Dataverse.csproj", "{A17D2F6E-1F7C-48A6-AAB0-68E2D6B74436}"
EndProject
Project("{9A19103F-16F7-4668-BE54-9A1E7A4F7556}") = "Microsoft.PowerFx.Dataverse.Sql", "Microsoft.PowerFx.Dataverse.Sql\Microsoft.PowerFx.Dataverse.Sql.csproj", "{1C5AA47E-C112-4B96-BD9A-539EB4D1DAEB}"
EndProject
Project("{9A19103F-16F7-4668-BE54-9A1E7A4F7556}") = "Microsoft.PowerFx.AzureStorage", "Microsoft.PowerFx.AzureStorage\Microsoft.PowerFx.AzureStorage.csproj", "{BA316CE6-E0E5-47DB-BEE3-53229794E7EA}"
EndProject
Project("{FAE04EC0-301F-11D3-BF4B-00C04F79EFBC}") = "Microsoft.PowerFx.AzureStorage.Tests", "Microsoft.PowerFx.AzureStorage.Tests\Microsoft.PowerFx.AzureStorage.Tests.csproj", "{9549801B-55BC-4C39-B4D5-DAEF1761C9CF}"
EndProject
Global
	GlobalSection(SolutionConfigurationPlatforms) = preSolution
		Debug|Any CPU = Debug|Any CPU
		Release|Any CPU = Release|Any CPU
	EndGlobalSection
	GlobalSection(ProjectConfigurationPlatforms) = postSolution
		{8E7B7FC1-C4D4-4087-959E-0B248DCB7545}.Debug|Any CPU.ActiveCfg = Debug|Any CPU
		{8E7B7FC1-C4D4-4087-959E-0B248DCB7545}.Debug|Any CPU.Build.0 = Debug|Any CPU
		{8E7B7FC1-C4D4-4087-959E-0B248DCB7545}.Release|Any CPU.ActiveCfg = Release|Any CPU
		{8E7B7FC1-C4D4-4087-959E-0B248DCB7545}.Release|Any CPU.Build.0 = Release|Any CPU
		{E56B859C-C6EA-4F70-8274-3CA9CFBFB866}.Debug|Any CPU.ActiveCfg = Debug|Any CPU
		{E56B859C-C6EA-4F70-8274-3CA9CFBFB866}.Debug|Any CPU.Build.0 = Debug|Any CPU
		{E56B859C-C6EA-4F70-8274-3CA9CFBFB866}.Release|Any CPU.ActiveCfg = Release|Any CPU
		{E56B859C-C6EA-4F70-8274-3CA9CFBFB866}.Release|Any CPU.Build.0 = Release|Any CPU
		{A861B2EF-2DD7-4AFC-A155-F4A9B4256F91}.Debug|Any CPU.ActiveCfg = Debug|Any CPU
		{A861B2EF-2DD7-4AFC-A155-F4A9B4256F91}.Debug|Any CPU.Build.0 = Debug|Any CPU
		{A861B2EF-2DD7-4AFC-A155-F4A9B4256F91}.Release|Any CPU.ActiveCfg = Release|Any CPU
		{A861B2EF-2DD7-4AFC-A155-F4A9B4256F91}.Release|Any CPU.Build.0 = Release|Any CPU
		{32D3ABFF-887E-43D0-BD4F-535475893AE4}.Debug|Any CPU.ActiveCfg = Debug|Any CPU
		{32D3ABFF-887E-43D0-BD4F-535475893AE4}.Debug|Any CPU.Build.0 = Debug|Any CPU
		{32D3ABFF-887E-43D0-BD4F-535475893AE4}.Release|Any CPU.ActiveCfg = Release|Any CPU
		{32D3ABFF-887E-43D0-BD4F-535475893AE4}.Release|Any CPU.Build.0 = Release|Any CPU
		{A17D2F6E-1F7C-48A6-AAB0-68E2D6B74436}.Debug|Any CPU.ActiveCfg = Debug|Any CPU
		{A17D2F6E-1F7C-48A6-AAB0-68E2D6B74436}.Debug|Any CPU.Build.0 = Debug|Any CPU
		{A17D2F6E-1F7C-48A6-AAB0-68E2D6B74436}.Release|Any CPU.ActiveCfg = Release|Any CPU
		{A17D2F6E-1F7C-48A6-AAB0-68E2D6B74436}.Release|Any CPU.Build.0 = Release|Any CPU
		{1C5AA47E-C112-4B96-BD9A-539EB4D1DAEB}.Debug|Any CPU.ActiveCfg = Debug|Any CPU
		{1C5AA47E-C112-4B96-BD9A-539EB4D1DAEB}.Debug|Any CPU.Build.0 = Debug|Any CPU
		{1C5AA47E-C112-4B96-BD9A-539EB4D1DAEB}.Release|Any CPU.ActiveCfg = Release|Any CPU
		{1C5AA47E-C112-4B96-BD9A-539EB4D1DAEB}.Release|Any CPU.Build.0 = Release|Any CPU
		{BA316CE6-E0E5-47DB-BEE3-53229794E7EA}.Debug|Any CPU.ActiveCfg = Debug|Any CPU
		{BA316CE6-E0E5-47DB-BEE3-53229794E7EA}.Debug|Any CPU.Build.0 = Debug|Any CPU
		{BA316CE6-E0E5-47DB-BEE3-53229794E7EA}.Release|Any CPU.ActiveCfg = Release|Any CPU
		{BA316CE6-E0E5-47DB-BEE3-53229794E7EA}.Release|Any CPU.Build.0 = Release|Any CPU
		{9549801B-55BC-4C39-B4D5-DAEF1761C9CF}.Debug|Any CPU.ActiveCfg = Debug|Any CPU
		{9549801B-55BC-4C39-B4D5-DAEF1761C9CF}.Debug|Any CPU.Build.0 = Debug|Any CPU
		{9549801B-55BC-4C39-B4D5-DAEF1761C9CF}.Release|Any CPU.ActiveCfg = Release|Any CPU
		{9549801B-55BC-4C39-B4D5-DAEF1761C9CF}.Release|Any CPU.Build.0 = Release|Any CPU
	EndGlobalSection
	GlobalSection(SolutionProperties) = preSolution
		HideSolutionNode = FALSE
	EndGlobalSection
	GlobalSection(ExtensibilityGlobals) = postSolution
		SolutionGuid = {B02685E4-3E83-4B15-8255-5EA8FBBB19CC}
	EndGlobalSection
EndGlobal
